# generated by rye
# use `rye lock` or `rye sync` to update this lockfile
#
# last locked with the following flags:
#   pre: false
#   features: []
#   all-features: false
#   with-sources: false
#   generate-hashes: false
#   universal: false

annotated-types==0.7.0
    # via pydantic
anyio==4.13.0
    # via starlette
fastapi==0.115.0
idna==3.13
    # via anyio
iniconfig==2.3.0
    # via pytest
packaging==26.2
    # via pytest
pluggy==1.6.0
    # via pytest
pydantic==2.13.3
    # via fastapi
pydantic-core==2.46.3
    # via pydantic
pytest==8.3.3
starlette==0.38.6
    # via fastapi
typing-extensions==4.15.0
    # via anyio
    # via fastapi
    # via pydantic
    # via pydantic-core
    # via typing-inspection
typing-inspection==0.4.2
    # via pydantic
